// !$*UTF8*$!
{
	archiveVersion = 1;
	classes = {
	};
	objectVersion = 56;
	objects = {

/* Begin PBXBuildFile section */
		FADD931C2AD528F50036C72C /* AppleMusicSwiftUIApp.swift in Sources */ = {isa = PBXBuildFile; fileRef = FADD931B2AD528F50036C72C /* AppleMusicSwiftUIApp.swift */; };
		FADD93202AD528F60036C72C /* Assets.xcassets in Resources */ = {isa = PBXBuildFile; fileRef = FADD931F2AD528F60036C72C /* Assets.xcassets */; };
		FADD93232AD528F60036C72C /* Preview Assets.xcassets in Resources */ = {isa = PBXBuildFile; fileRef = FADD93222AD528F60036C72C /* Preview Assets.xcassets */; };
		FADD932E2AD52A5E0036C72C /* LibraryView.swift in Sources */ = {isa = PBXBuildFile; fileRef = FADD932D2AD52A5E0036C72C /* LibraryView.swift */; };
		FADD93342AD5A4F80036C72C /* TabBar.swift in Sources */ = {isa = PBXBuildFile; fileRef = FADD93332AD5A4F80036C72C /* TabBar.swift */; };
		FADD93362AD660D60036C72C /* BottomMedia.swift in Sources */ = {isa = PBXBuildFile; fileRef = FADD93352AD660D60036C72C /* BottomMedia.swift */; };
		FADD933E2AD677770036C72C /* MediaListItems.swift in Sources */ = {isa = PBXBuildFile; fileRef = FADD933D2AD677770036C72C /* MediaListItems.swift */; };
		FADD93402AD7BE370036C72C /* MediaListCell.swift in Sources */ = {isa = PBXBuildFile; fileRef = FADD933F2AD7BE370036C72C /* MediaListCell.swift */; };
/* End PBXBuildFile section */

/* Begin PBXFileReference section */
		FADD93182AD528F50036C72C /* AppleMusicSwiftUI.app */ = {isa = PBXFileReference; explicitFileType = wrapper.application; includeInIndex = 0; path = AppleMusicSwiftUI.app; sourceTree = BUILT_PRODUCTS_DIR; };
		FADD931B2AD528F50036C72C /* AppleMusicSwiftUIApp.swift */ = {isa = PBXFileReference; lastKnownFileType = sourcecode.swift; path = AppleMusicSwiftUIApp.swift; sourceTree = "<group>"; };
		FADD931F2AD528F60036C72C /* Assets.xcassets */ = {isa = PBXFileReference; lastKnownFileType = folder.assetcatalog; path = Assets.xcassets; sourceTree = "<group>"; };
		FADD93222AD528F60036C72C /* Preview Assets.xcassets */ = {isa = PBXFileReference; lastKnownFileType = folder.assetcatalog; path = "Preview Assets.xcassets"; sourceTree = "<group>"; };
		FADD932D2AD52A5E0036C72C /* LibraryView.swift */ = {isa = PBXFileReference; lastKnownFileType = sourcecode.swift; path = LibraryView.swift; sourceTree = "<group>"; };
		FADD93332AD5A4F80036C72C /* TabBar.swift */ = {isa = PBXFileReference; lastKnownFileType = sourcecode.swift; path = TabBar.swift; sourceTree = "<group>"; };
		FADD93352AD660D60036C72C /* BottomMedia.swift */ = {isa = PBXFileReference; lastKnownFileType = sourcecode.swift; path = BottomMedia.swift; sourceTree = "<group>"; };
		FADD933D2AD677770036C72C /* MediaListItems.swift */ = {isa = PBXFileReference; lastKnownFileType = sourcecode.swift; path = MediaListItems.swift; sourceTree = "<group>"; };
		FADD933F2AD7BE370036C72C /* MediaListCell.swift */ = {isa = PBXFileReference; lastKnownFileType = sourcecode.swift; path = MediaListCell.swift; sourceTree = "<group>"; };
/* End PBXFileReference section */

/* Begin PBXFrameworksBuildPhase section */
		FADD93152AD528F50036C72C /* Frameworks */ = {
			isa = PBXFrameworksBuildPhase;
			buildActionMask = 2147483647;
			files = (
			);
			runOnlyForDeploymentPostprocessing = 0;
		};
/* End PBXFrameworksBuildPhase section */

/* Begin PBXGroup section */
		FAB1937F2AD80DCC00021A18 /* Cell */ = {
			isa = PBXGroup;
			children = (
				FADD933F2AD7BE370036C72C /* MediaListCell.swift */,
			);
			path = Cell;
			sourceTree = "<group>";
		};
		FADD930F2AD528F50036C72C = {
			isa = PBXGroup;
			children = (
				FADD931A2AD528F50036C72C /* AppleMusicSwiftUI */,
				FADD93192AD528F50036C72C /* Products */,
			);
			sourceTree = "<group>";
		};
		FADD93192AD528F50036C72C /* Products */ = {
			isa = PBXGroup;
			children = (
				FADD93182AD528F50036C72C /* AppleMusicSwiftUI.app */,
			);
			name = Products;
			sourceTree = "<group>";
		};
		FADD931A2AD528F50036C72C /* AppleMusicSwiftUI */ = {
			isa = PBXGroup;
			children = (
				FADD93292AD529200036C72C /* App */,
				FADD932A2AD5292D0036C72C /* View */,
				FADD93212AD528F60036C72C /* Preview Content */,
			);
			path = AppleMusicSwiftUI;
			sourceTree = "<group>";
		};
		FADD93212AD528F60036C72C /* Preview Content */ = {
			isa = PBXGroup;
			children = (
				FADD93222AD528F60036C72C /* Preview Assets.xcassets */,
			);
			path = "Preview Content";
			sourceTree = "<group>";
		};
		FADD93292AD529200036C72C /* App */ = {
			isa = PBXGroup;
			children = (
				FADD931B2AD528F50036C72C /* AppleMusicSwiftUIApp.swift */,
			);
			path = App;
			sourceTree = "<group>";
		};
		FADD932A2AD5292D0036C72C /* View */ = {
			isa = PBXGroup;
			children = (
				FADD932C2AD529F80036C72C /* Models */,
				FADD931F2AD528F60036C72C /* Assets.xcassets */,
				FADD932B2AD529ED0036C72C /* Modules */,
			);
			path = View;
			sourceTree = "<group>";
		};
		FADD932B2AD529ED0036C72C /* Modules */ = {
			isa = PBXGroup;
			children = (
				FADD93392AD674EF0036C72C /* LibraryView */,
				FADD93372AD674B40036C72C /* TabBar */,
			);
			path = Modules;
			sourceTree = "<group>";
		};
		FADD932C2AD529F80036C72C /* Models */ = {
			isa = PBXGroup;
			children = (
				FADD933D2AD677770036C72C /* MediaListItems.swift */,
			);
			path = Models;
			sourceTree = "<group>";
		};
		FADD93372AD674B40036C72C /* TabBar */ = {
			isa = PBXGroup;
			children = (
				FADD93382AD674C80036C72C /* BottomMedia */,
				FADD93332AD5A4F80036C72C /* TabBar.swift */,
			);
			path = TabBar;
			sourceTree = "<group>";
		};
		FADD93382AD674C80036C72C /* BottomMedia */ = {
			isa = PBXGroup;
			children = (
				FADD93352AD660D60036C72C /* BottomMedia.swift */,
			);
			path = BottomMedia;
			sourceTree = "<group>";
		};
		FADD93392AD674EF0036C72C /* LibraryView */ = {
			isa = PBXGroup;
			children = (
				FAB1937F2AD80DCC00021A18 /* Cell */,
				FADD932D2AD52A5E0036C72C /* LibraryView.swift */,
			);
			path = LibraryView;
			sourceTree = "<group>";
		};
/* End PBXGroup section */

/* Begin PBXNativeTarget section */
		FADD93172AD528F50036C72C /* AppleMusicSwiftUI */ = {
			isa = PBXNativeTarget;
			buildConfigurationList = FADD93262AD528F60036C72C /* Build configuration list for PBXNativeTarget "AppleMusicSwiftUI" */;
			buildPhases = (
				FADD93142AD528F50036C72C /* Sources */,
				FADD93152AD528F50036C72C /* Frameworks */,
				FADD93162AD528F50036C72C /* Resources */,
			);
			buildRules = (
			);
			dependencies = (
			);
			name = AppleMusicSwiftUI;
			productName = AppleMusicSwiftUI;
			productReference = FADD93182AD528F50036C72C /* AppleMusicSwiftUI.app */;
			productType = "com.apple.product-type.application";
		};
/* End PBXNativeTarget section */

/* Begin PBXProject section */
		FADD93102AD528F50036C72C /* Project object */ = {
			isa = PBXProject;
			attributes = {
				BuildIndependentTargetsInParallel = 1;
				LastSwiftUpdateCheck = 1430;
				LastUpgradeCheck = 1430;
				TargetAttributes = {
					FADD93172AD528F50036C72C = {
						CreatedOnToolsVersion = 14.3.1;
					};
				};
			};
			buildConfigurationList = FADD93132AD528F50036C72C /* Build configuration list for PBXProject "AppleMusicSwiftUI" */;
			compatibilityVersion = "Xcode 14.0";
			developmentRegion = en;
			hasScannedForEncodings = 0;
			knownRegions = (
				en,
				Base,
			);
			mainGroup = FADD930F2AD528F50036C72C;
			productRefGroup = FADD93192AD528F50036C72C /* Products */;
			projectDirPath = "";
			projectRoot = "";
			targets = (
				FADD93172AD528F50036C72C /* AppleMusicSwiftUI */,
			);
		};
/* End PBXProject section */

/* Begin PBXResourcesBuildPhase section */
		FADD93162AD528F50036C72C /* Resources */ = {
			isa = PBXResourcesBuildPhase;
			buildActionMask = 2147483647;
			files = (
				FADD93232AD528F60036C72C /* Preview Assets.xcassets in Resources */,
				FADD93202AD528F60036C72C /* Assets.xcassets in Resources */,
			);
			runOnlyForDeploymentPostprocessing = 0;
		};
/* End PBXResourcesBuildPhase section */

/* Begin PBXSourcesBuildPhase section */
		FADD93142AD528F50036C72C /* Sources */ = {
			isa = PBXSourcesBuildPhase;
			buildActionMask = 2147483647;
			files = (
				FADD93362AD660D60036C72C /* BottomMedia.swift in Sources */,
				FADD93402AD7BE370036C72C /* MediaListCell.swift in Sources */,
				FADD933E2AD677770036C72C /* MediaListItems.swift in Sources */,
				FADD932E2AD52A5E0036C72C /* LibraryView.swift in Sources */,
				FADD931C2AD528F50036C72C /* AppleMusicSwiftUIApp.swift in Sources */,
				FADD93342AD5A4F80036C72C /* TabBar.swift in Sources */,
			);
			runOnlyForDeploymentPostprocessing = 0;
		};
/* End PBXSourcesBuildPhase section */

/* Begin XCBuildConfiguration section */
		FADD93242AD528F60036C72C /* Debug */ = {
			isa = XCBuildConfiguration;
			buildSettings = {
				ALWAYS_SEARCH_USER_PATHS = NO;
				CLANG_ANALYZER_NONNULL = YES;
				CLANG_ANALYZER_NUMBER_OBJECT_CONVERSION = YES_AGGRESSIVE;
				CLANG_CXX_LANGUAGE_STANDARD = "gnu++20";
				CLANG_ENABLE_MODULES = YES;
				CLANG_ENABLE_OBJC_ARC = YES;
				CLANG_ENABLE_OBJC_WEAK = YES;
				CLANG_WARN_BLOCK_CAPTURE_AUTORELEASING = YES;
				CLANG_WARN_BOOL_CONVERSION = YES;
				CLANG_WARN_COMMA = YES;
				CLANG_WARN_CONSTANT_CONVERSION = YES;
				CLANG_WARN_DEPRECATED_OBJC_IMPLEMENTATIONS = YES;
				CLANG_WARN_DIRECT_OBJC_ISA_USAGE = YES_ERROR;
				CLANG_WARN_DOCUMENTATION_COMMENTS = YES;
				CLANG_WARN_EMPTY_BODY = YES;
				CLANG_WARN_ENUM_CONVERSION = YES;
				CLANG_WARN_INFINITE_RECURSION = YES;
				CLANG_WARN_INT_CONVERSION = YES;
				CLANG_WARN_NON_LITERAL_NULL_CONVERSION = YES;
				CLANG_WARN_OBJC_IMPLICIT_RETAIN_SELF = YES;
				CLANG_WARN_OBJC_LITERAL_CONVERSION = YES;
				CLANG_WARN_OBJC_ROOT_CLASS = YES_ERROR;
				CLANG_WARN_QUOTED_INCLUDE_IN_FRAMEWORK_HEADER = YES;
				CLANG_WARN_RANGE_LOOP_ANALYSIS = YES;
				CLANG_WARN_STRICT_PROTOTYPES = YES;
				CLANG_WARN_SUSPICIOUS_MOVE = YES;
				CLANG_WARN_UNGUARDED_AVAILABILITY = YES_AGGRESSIVE;
				CLANG_WARN_UNREACHABLE_CODE = YES;
				CLANG_WARN__DUPLICATE_METHOD_MATCH = YES;
				COPY_PHASE_STRIP = NO;
				DEBUG_INFORMATION_FORMAT = dwarf;
				ENABLE_STRICT_OBJC_MSGSEND = YES;
				ENABLE_TESTABILITY = YES;
				GCC_C_LANGUAGE_STANDARD = gnu11;
				GCC_DYNAMIC_NO_PIC = NO;
				GCC_NO_COMMON_BLOCKS = YES;
				GCC_OPTIMIZATION_LEVEL = 0;
				GCC_PREPROCESSOR_DEFINITIONS = (
					"DEBUG=1",
					"$(inherited)",
				);
				GCC_WARN_64_TO_32_BIT_CONVERSION = YES;
				GCC_WARN_ABOUT_RETURN_TYPE = YES_ERROR;
				GCC_WARN_UNDECLARED_SELECTOR = YES;
				GCC_WARN_UNINITIALIZED_AUTOS = YES_AGGRESSIVE;
				GCC_WARN_UNUSED_FUNCTION = YES;
				GCC_WARN_UNUSED_VARIABLE = YES;
				IPHONEOS_DEPLOYMENT_TARGET = 16.4;
				MTL_ENABLE_DEBUG_INFO = INCLUDE_SOURCE;
				MTL_FAST_MATH = YES;
				ONLY_ACTIVE_ARCH = YES;
				SDKROOT = iphoneos;
				SWIFT_ACTIVE_COMPILATION_CONDITIONS = DEBUG;
				SWIFT_OPTIMIZATION_LEVEL = "-Onone";
			};
			name = Debug;
		};
		FADD93252AD528F60036C72C /* Release */ = {
			isa = XCBuildConfiguration;
			buildSettings = {
				ALWAYS_SEARCH_USER_PATHS = NO;
				CLANG_ANALYZER_NONNULL = YES;
				CLANG_ANALYZER_NUMBER_OBJECT_CONVERSION = YES_AGGRESSIVE;
				CLANG_CXX_LANGUAGE_STANDARD = "gnu++20";
				CLANG_ENABLE_MODULES = YES;
				CLANG_ENABLE_OBJC_ARC = YES;
				CLANG_ENABLE_OBJC_WEAK = YES;
				CLANG_WARN_BLOCK_CAPTURE_AUTORELEASING = YES;
				CLANG_WARN_BOOL_CONVERSION = YES;
				CLANG_WARN_COMMA = YES;
				CLANG_WARN_CONSTANT_CONVERSION = YES;
				CLANG_WARN_DEPRECATED_OBJC_IMPLEMENTATIONS = YES;
				CLANG_WARN_DIRECT_OBJC_ISA_USAGE = YES_ERROR;
				CLANG_WARN_DOCUMENTATION_COMMENTS = YES;
				CLANG_WARN_EMPTY_BODY = YES;
				CLANG_WARN_ENUM_CONVERSION = YES;
				CLANG_WARN_INFINITE_RECURSION = YES;
				CLANG_WARN_INT_CONVERSION = YES;
				CLANG_WARN_NON_LITERAL_NULL_CONVERSION = YES;
				CLANG_WARN_OBJC_IMPLICIT_RETAIN_SELF = YES;
				CLANG_WARN_OBJC_LITERAL_CONVERSION = YES;
				CLANG_WARN_OBJC_ROOT_CLASS = YES_ERROR;
				CLANG_WARN_QUOTED_INCLUDE_IN_FRAMEWORK_HEADER = YES;
				CLANG_WARN_RANGE_LOOP_ANALYSIS = YES;
				CLANG_WARN_STRICT_PROTOTYPES = YES;
				CLANG_WARN_SUSPICIOUS_MOVE = YES;
				CLANG_WARN_UNGUARDED_AVAILABILITY = YES_AGGRESSIVE;
				CLANG_WARN_UNREACHABLE_CODE = YES;
				CLANG_WARN__DUPLICATE_METHOD_MATCH = YES;
				COPY_PHASE_STRIP = NO;
				DEBUG_INFORMATION_FORMAT = "dwarf-with-dsym";
				ENABLE_NS_ASSERTIONS = NO;
				ENABLE_STRICT_OBJC_MSGSEND = YES;
				GCC_C_LANGUAGE_STANDARD = gnu11;
				GCC_NO_COMMON_BLOCKS = YES;
				GCC_WARN_64_TO_32_BIT_CONVERSION = YES;
				GCC_WARN_ABOUT_RETURN_TYPE = YES_ERROR;
				GCC_WARN_UNDECLARED_SELECTOR = YES;
				GCC_WARN_UNINITIALIZED_AUTOS = YES_AGGRESSIVE;
				GCC_WARN_UNUSED_FUNCTION = YES;
				GCC_WARN_UNUSED_VARIABLE = YES;
				IPHONEOS_DEPLOYMENT_TARGET = 16.4;
				MTL_ENABLE_DEBUG_INFO = NO;
				MTL_FAST_MATH = YES;
				SDKROOT = iphoneos;
				SWIFT_COMPILATION_MODE = wholemodule;
				SWIFT_OPTIMIZATION_LEVEL = "-O";
				VALIDATE_PRODUCT = YES;
			};
			name = Release;
		};
		FADD93272AD528F60036C72C /* Debug */ = {
			isa = XCBuildConfiguration;
			buildSettings = {
				ASSETCATALOG_COMPILER_APPICON_NAME = AppIcon;
				ASSETCATALOG_COMPILER_GLOBAL_ACCENT_COLOR_NAME = AccentColor;
				CODE_SIGN_STYLE = Automatic;
				CURRENT_PROJECT_VERSION = 1;
				DEVELOPMENT_ASSET_PATHS = "\"AppleMusicSwiftUI/Preview Content\"";
				DEVELOPMENT_TEAM = 5C9S7JT7L3;
				ENABLE_PREVIEWS = YES;
				GENERATE_INFOPLIST_FILE = YES;
				INFOPLIST_KEY_UIApplicationSceneManifest_Generation = YES;
				INFOPLIST_KEY_UIApplicationSupportsIndirectInputEvents = YES;
				INFOPLIST_KEY_UILaunchScreen_Generation = YES;
				INFOPLIST_KEY_UISupportedInterfaceOrientations_iPad = "UIInterfaceOrientationPortrait UIInterfaceOrientationPortraitUpsideDown UIInterfaceOrientationLandscapeLeft UIInterfaceOrientationLandscapeRight";
				INFOPLIST_KEY_UISupportedInterfaceOrientations_iPhone = "UIInterfaceOrientationPortrait UIInterfaceOrientationLandscapeLeft UIInterfaceOrientationLandscapeRight";
				LD_RUNPATH_SEARCH_PATHS = (
					"$(inherited)",
					"@executable_path/Frameworks",
				);
				MARKETING_VERSION = 1.0;
				PRODUCT_BUNDLE_IDENTIFIER = i0240.com.my.AppleMusicSwiftUI;
				PRODUCT_NAME = "$(TARGET_NAME)";
				SWIFT_EMIT_LOC_STRINGS = YES;
				SWIFT_VERSION = 5.0;
				TARGETED_DEVICE_FAMILY = "1,2";
			};
			name = Debug;
		};
		FADD93282AD528F60036C72C /* Release */ = {
			isa = XCBuildConfiguration;
			buildSettings = {
				ASSETCATALOG_COMPILER_APPICON_NAME = AppIcon;
				ASSETCATALOG_COMPILER_GLOBAL_ACCENT_COLOR_NAME = AccentColor;
				CODE_SIGN_STYLE = Automatic;
				CURRENT_PROJECT_VERSION = 1;
				DEVELOPMENT_ASSET_PATHS = "\"AppleMusicSwiftUI/Preview Content\"";
				DEVELOPMENT_TEAM = 5C9S7JT7L3;
				ENABLE_PREVIEWS = YES;
				GENERATE_INFOPLIST_FILE = YES;
				INFOPLIST_KEY_UIApplicationSceneManifest_Generation = YES;
				INFOPLIST_KEY_UIApplicationSupportsIndirectInputEvents = YES;
				INFOPLIST_KEY_UILaunchScreen_Generation = YES;
				INFOPLIST_KEY_UISupportedInterfaceOrientations_iPad = "UIInterfaceOrientationPortrait UIInterfaceOrientationPortraitUpsideDown UIInterfaceOrientationLandscapeLeft UIInterfaceOrientationLandscapeRight";
				INFOPLIST_KEY_UISupportedInterfaceOrientations_iPhone = "UIInterfaceOrientationPortrait UIInterfaceOrientationLandscapeLeft UIInterfaceOrientationLandscapeRight";
				LD_RUNPATH_SEARCH_PATHS = (
					"$(inherited)",
					"@executable_path/Frameworks",
				);
				MARKETING_VERSION = 1.0;
				PRODUCT_BUNDLE_IDENTIFIER = i0240.com.my.AppleMusicSwiftUI;
				PRODUCT_NAME = "$(TARGET_NAME)";
				SWIFT_EMIT_LOC_STRINGS = YES;
				SWIFT_VERSION = 5.0;
				TARGETED_DEVICE_FAMILY = "1,2";
			};
			name = Release;
		};
/* End XCBuildConfiguration section */

/* Begin XCConfigurationList section */
		FADD93132AD528F50036C72C /* Build configuration list for PBXProject "AppleMusicSwiftUI" */ = {
			isa = XCConfigurationList;
			buildConfigurations = (
				FADD93242AD528F60036C72C /* Debug */,
				FADD93252AD528F60036C72C /* Release */,
			);
			defaultConfigurationIsVisible = 0;
			defaultConfigurationName = Release;
		};
		FADD93262AD528F60036C72C /* Build configuration list for PBXNativeTarget "AppleMusicSwiftUI" */ = {
			isa = XCConfigurationList;
			buildConfigurations = (
				FADD93272AD528F60036C72C /* Debug */,
				FADD93282AD528F60036C72C /* Release */,
			);
			defaultConfigurationIsVisible = 0;
			defaultConfigurationName = Release;
		};
/* End XCConfigurationList section */
	};
	rootObject = FADD93102AD528F50036C72C /* Project object */;
}
