// !$*UTF8*$!
{
	archiveVersion = 1;
	classes = {
	};
	objectVersion = 56;
	objects = {

/* Begin PBXBuildFile section */
		FA0488BA2ADF9E5600680273 /* ColumsRadioView.swift in Sources */ = {isa = PBXBuildFile; fileRef = FA0488B92ADF9E5600680273 /* ColumsRadioView.swift */; };
		FA0488BC2ADFA53300680273 /* BroadcastRadioItems.swift in Sources */ = {isa = PBXBuildFile; fileRef = FA0488BB2ADFA53300680273 /* BroadcastRadioItems.swift */; };
		FAB37BF42AFCA40900643861 /* RowsTopSecondSearch.swift in Sources */ = {isa = PBXBuildFile; fileRef = FAB37BF32AFCA40900643861 /* RowsTopSecondSearch.swift */; };
		FAB37BF62AFCA45600643861 /* RowsSecondSearch.swift in Sources */ = {isa = PBXBuildFile; fileRef = FAB37BF52AFCA45600643861 /* RowsSecondSearch.swift */; };
		FAB37BF82AFCA49900643861 /* SecondSearchItems.swift in Sources */ = {isa = PBXBuildFile; fileRef = FAB37BF72AFCA49900643861 /* SecondSearchItems.swift */; };
		FAB37BFA2AFCA51E00643861 /* TopSecondSearchItems.swift in Sources */ = {isa = PBXBuildFile; fileRef = FAB37BF92AFCA51E00643861 /* TopSecondSearchItems.swift */; };
		FABA50E82B00051F00854061 /* PlayerModel.swift in Sources */ = {isa = PBXBuildFile; fileRef = FABA50E72B00051F00854061 /* PlayerModel.swift */; };
		FABA905D2AFC8DE900E2002E /* SearchCategoryItems.swift in Sources */ = {isa = PBXBuildFile; fileRef = FABA905C2AFC8DE900E2002E /* SearchCategoryItems.swift */; };
		FAC132822AF78A0E000ADBBC /* SecondSearchView.swift in Sources */ = {isa = PBXBuildFile; fileRef = FAC132812AF78A0E000ADBBC /* SecondSearchView.swift */; };
		FAC132862AF8F991000ADBBC /* SecondMediaView.swift in Sources */ = {isa = PBXBuildFile; fileRef = FAC132852AF8F991000ADBBC /* SecondMediaView.swift */; };
		FAC8D9132ADE4F8A004FA922 /* RadioItems.swift in Sources */ = {isa = PBXBuildFile; fileRef = FAC8D9122ADE4F8A004FA922 /* RadioItems.swift */; };
		FACBBE812B020E3D00F7AD25 /* SearchUIKitViewController.swift in Sources */ = {isa = PBXBuildFile; fileRef = FACBBE802B020E3D00F7AD25 /* SearchUIKitViewController.swift */; };
		FACBBE862B021D7700F7AD25 /* SearchCell.swift in Sources */ = {isa = PBXBuildFile; fileRef = FACBBE852B021D7700F7AD25 /* SearchCell.swift */; };
		FACBBE892B021FC600F7AD25 /* SearchHeader.swift in Sources */ = {isa = PBXBuildFile; fileRef = FACBBE882B021FC600F7AD25 /* SearchHeader.swift */; };
		FAD5DE9F2AFDF05B00E2C2A8 /* CategoryModel.swift in Sources */ = {isa = PBXBuildFile; fileRef = FAD5DE9E2AFDF05B00E2C2A8 /* CategoryModel.swift */; };
		FAD787F62AF76FDB009305D4 /* SearchView.swift in Sources */ = {isa = PBXBuildFile; fileRef = FAD787F52AF76FDB009305D4 /* SearchView.swift */; };
		FADD931C2AD528F50036C72C /* AppleMusicSwiftUIApp.swift in Sources */ = {isa = PBXBuildFile; fileRef = FADD931B2AD528F50036C72C /* AppleMusicSwiftUIApp.swift */; };
		FADD93202AD528F60036C72C /* Assets.xcassets in Resources */ = {isa = PBXBuildFile; fileRef = FADD931F2AD528F60036C72C /* Assets.xcassets */; };
		FADD93232AD528F60036C72C /* Preview Assets.xcassets in Resources */ = {isa = PBXBuildFile; fileRef = FADD93222AD528F60036C72C /* Preview Assets.xcassets */; };
		FADD932E2AD52A5E0036C72C /* LibraryView.swift in Sources */ = {isa = PBXBuildFile; fileRef = FADD932D2AD52A5E0036C72C /* LibraryView.swift */; };
		FADD93342AD5A4F80036C72C /* TabBar.swift in Sources */ = {isa = PBXBuildFile; fileRef = FADD93332AD5A4F80036C72C /* TabBar.swift */; };
		FADD93362AD660D60036C72C /* BottomMedia.swift in Sources */ = {isa = PBXBuildFile; fileRef = FADD93352AD660D60036C72C /* BottomMedia.swift */; };
		FADD933E2AD677770036C72C /* MediaListItems.swift in Sources */ = {isa = PBXBuildFile; fileRef = FADD933D2AD677770036C72C /* MediaListItems.swift */; };
		FADD93402AD7BE370036C72C /* MediaListCell.swift in Sources */ = {isa = PBXBuildFile; fileRef = FADD933F2AD7BE370036C72C /* MediaListCell.swift */; };
		FAF7385C2ADD0708000A82E7 /* RadioView.swift in Sources */ = {isa = PBXBuildFile; fileRef = FAF7385B2ADD0708000A82E7 /* RadioView.swift */; };
		FAF738602ADD18E7000A82E7 /* RowsRadioView.swift in Sources */ = {isa = PBXBuildFile; fileRef = FAF7385F2ADD18E7000A82E7 /* RowsRadioView.swift */; };
/* End PBXBuildFile section */

/* Begin PBXFileReference section */
		FA0488B92ADF9E5600680273 /* ColumsRadioView.swift */ = {isa = PBXFileReference; lastKnownFileType = sourcecode.swift; path = ColumsRadioView.swift; sourceTree = "<group>"; };
		FA0488BB2ADFA53300680273 /* BroadcastRadioItems.swift */ = {isa = PBXFileReference; lastKnownFileType = sourcecode.swift; path = BroadcastRadioItems.swift; sourceTree = "<group>"; };
		FAB37BF32AFCA40900643861 /* RowsTopSecondSearch.swift */ = {isa = PBXFileReference; lastKnownFileType = sourcecode.swift; path = RowsTopSecondSearch.swift; sourceTree = "<group>"; };
		FAB37BF52AFCA45600643861 /* RowsSecondSearch.swift */ = {isa = PBXFileReference; lastKnownFileType = sourcecode.swift; path = RowsSecondSearch.swift; sourceTree = "<group>"; };
		FAB37BF72AFCA49900643861 /* SecondSearchItems.swift */ = {isa = PBXFileReference; lastKnownFileType = sourcecode.swift; path = SecondSearchItems.swift; sourceTree = "<group>"; };
		FAB37BF92AFCA51E00643861 /* TopSecondSearchItems.swift */ = {isa = PBXFileReference; lastKnownFileType = sourcecode.swift; path = TopSecondSearchItems.swift; sourceTree = "<group>"; };
		FABA50E72B00051F00854061 /* PlayerModel.swift */ = {isa = PBXFileReference; lastKnownFileType = sourcecode.swift; path = PlayerModel.swift; sourceTree = "<group>"; };
		FABA905C2AFC8DE900E2002E /* SearchCategoryItems.swift */ = {isa = PBXFileReference; lastKnownFileType = sourcecode.swift; path = SearchCategoryItems.swift; sourceTree = "<group>"; };
		FAC132812AF78A0E000ADBBC /* SecondSearchView.swift */ = {isa = PBXFileReference; lastKnownFileType = sourcecode.swift; path = SecondSearchView.swift; sourceTree = "<group>"; };
		FAC132852AF8F991000ADBBC /* SecondMediaView.swift */ = {isa = PBXFileReference; lastKnownFileType = sourcecode.swift; path = SecondMediaView.swift; sourceTree = "<group>"; };
		FAC8D9122ADE4F8A004FA922 /* RadioItems.swift */ = {isa = PBXFileReference; lastKnownFileType = sourcecode.swift; path = RadioItems.swift; sourceTree = "<group>"; };
		FACBBE802B020E3D00F7AD25 /* SearchUIKitViewController.swift */ = {isa = PBXFileReference; lastKnownFileType = sourcecode.swift; path = SearchUIKitViewController.swift; sourceTree = "<group>"; };
		FACBBE852B021D7700F7AD25 /* SearchCell.swift */ = {isa = PBXFileReference; lastKnownFileType = sourcecode.swift; path = SearchCell.swift; sourceTree = "<group>"; };
		FACBBE882B021FC600F7AD25 /* SearchHeader.swift */ = {isa = PBXFileReference; lastKnownFileType = sourcecode.swift; path = SearchHeader.swift; sourceTree = "<group>"; };
		FAD5DE9E2AFDF05B00E2C2A8 /* CategoryModel.swift */ = {isa = PBXFileReference; lastKnownFileType = sourcecode.swift; path = CategoryModel.swift; sourceTree = "<group>"; };
		FAD787F52AF76FDB009305D4 /* SearchView.swift */ = {isa = PBXFileReference; lastKnownFileType = sourcecode.swift; path = SearchView.swift; sourceTree = "<group>"; };
		FADD93182AD528F50036C72C /* AppleMusicSwiftUI.app */ = {isa = PBXFileReference; explicitFileType = wrapper.application; includeInIndex = 0; path = AppleMusicSwiftUI.app; sourceTree = BUILT_PRODUCTS_DIR; };
		FADD931B2AD528F50036C72C /* AppleMusicSwiftUIApp.swift */ = {isa = PBXFileReference; lastKnownFileType = sourcecode.swift; path = AppleMusicSwiftUIApp.swift; sourceTree = "<group>"; };
		FADD931F2AD528F60036C72C /* Assets.xcassets */ = {isa = PBXFileReference; lastKnownFileType = folder.assetcatalog; path = Assets.xcassets; sourceTree = "<group>"; };
		FADD93222AD528F60036C72C /* Preview Assets.xcassets */ = {isa = PBXFileReference; lastKnownFileType = folder.assetcatalog; path = "Preview Assets.xcassets"; sourceTree = "<group>"; };
		FADD932D2AD52A5E0036C72C /* LibraryView.swift */ = {isa = PBXFileReference; lastKnownFileType = sourcecode.swift; path = LibraryView.swift; sourceTree = "<group>"; };
		FADD93332AD5A4F80036C72C /* TabBar.swift */ = {isa = PBXFileReference; lastKnownFileType = sourcecode.swift; path = TabBar.swift; sourceTree = "<group>"; };
		FADD93352AD660D60036C72C /* BottomMedia.swift */ = {isa = PBXFileReference; lastKnownFileType = sourcecode.swift; path = BottomMedia.swift; sourceTree = "<group>"; };
		FADD933D2AD677770036C72C /* MediaListItems.swift */ = {isa = PBXFileReference; lastKnownFileType = sourcecode.swift; path = MediaListItems.swift; sourceTree = "<group>"; };
		FADD933F2AD7BE370036C72C /* MediaListCell.swift */ = {isa = PBXFileReference; lastKnownFileType = sourcecode.swift; path = MediaListCell.swift; sourceTree = "<group>"; };
		FAF7385B2ADD0708000A82E7 /* RadioView.swift */ = {isa = PBXFileReference; lastKnownFileType = sourcecode.swift; path = RadioView.swift; sourceTree = "<group>"; };
		FAF7385F2ADD18E7000A82E7 /* RowsRadioView.swift */ = {isa = PBXFileReference; lastKnownFileType = sourcecode.swift; path = RowsRadioView.swift; sourceTree = "<group>"; };
/* End PBXFileReference section */

/* Begin PBXFrameworksBuildPhase section */
		FADD93152AD528F50036C72C /* Frameworks */ = {
			isa = PBXFrameworksBuildPhase;
			buildActionMask = 2147483647;
			files = (
			);
			runOnlyForDeploymentPostprocessing = 0;
		};
/* End PBXFrameworksBuildPhase section */

/* Begin PBXGroup section */
		FAB1937F2AD80DCC00021A18 /* Cell */ = {
			isa = PBXGroup;
			children = (
				FADD933F2AD7BE370036C72C /* MediaListCell.swift */,
			);
			path = Cell;
			sourceTree = "<group>";
		};
		FAB37BF02AFCA37F00643861 /* RowsSecondSearch */ = {
			isa = PBXGroup;
			children = (
				FAB37BF32AFCA40900643861 /* RowsTopSecondSearch.swift */,
				FAB37BF52AFCA45600643861 /* RowsSecondSearch.swift */,
			);
			path = RowsSecondSearch;
			sourceTree = "<group>";
		};
		FAC132802AF789EC000ADBBC /* SecondSearchView */ = {
			isa = PBXGroup;
			children = (
				FAB37BF02AFCA37F00643861 /* RowsSecondSearch */,
				FAC132812AF78A0E000ADBBC /* SecondSearchView.swift */,
			);
			path = SecondSearchView;
			sourceTree = "<group>";
		};
		FAC132842AF8F975000ADBBC /* SecondMediaView */ = {
			isa = PBXGroup;
			children = (
				FAC132852AF8F991000ADBBC /* SecondMediaView.swift */,
			);
			path = SecondMediaView;
			sourceTree = "<group>";
		};
		FACBBE7F2B020E0C00F7AD25 /* SearchViewUIKit */ = {
			isa = PBXGroup;
			children = (
				FACBBE872B021F8C00F7AD25 /* Header */,
				FACBBE822B021BA000F7AD25 /* Cells */,
				FACBBE802B020E3D00F7AD25 /* SearchUIKitViewController.swift */,
			);
			path = SearchViewUIKit;
			sourceTree = "<group>";
		};
		FACBBE822B021BA000F7AD25 /* Cells */ = {
			isa = PBXGroup;
			children = (
				FACBBE852B021D7700F7AD25 /* SearchCell.swift */,
			);
			path = Cells;
			sourceTree = "<group>";
		};
		FACBBE872B021F8C00F7AD25 /* Header */ = {
			isa = PBXGroup;
			children = (
				FACBBE882B021FC600F7AD25 /* SearchHeader.swift */,
			);
			path = Header;
			sourceTree = "<group>";
		};
		FAD5DE9D2AFDF03300E2C2A8 /* Items */ = {
			isa = PBXGroup;
			children = (
				FAC8D9122ADE4F8A004FA922 /* RadioItems.swift */,
				FA0488BB2ADFA53300680273 /* BroadcastRadioItems.swift */,
				FADD933D2AD677770036C72C /* MediaListItems.swift */,
				FABA905C2AFC8DE900E2002E /* SearchCategoryItems.swift */,
				FAB37BF92AFCA51E00643861 /* TopSecondSearchItems.swift */,
				FAB37BF72AFCA49900643861 /* SecondSearchItems.swift */,
			);
			path = Items;
			sourceTree = "<group>";
		};
		FAD787F42AF76FBD009305D4 /* SearchView */ = {
			isa = PBXGroup;
			children = (
				FACBBE7F2B020E0C00F7AD25 /* SearchViewUIKit */,
				FAC132802AF789EC000ADBBC /* SecondSearchView */,
				FAD787F52AF76FDB009305D4 /* SearchView.swift */,
			);
			path = SearchView;
			sourceTree = "<group>";
		};
		FADD930F2AD528F50036C72C = {
			isa = PBXGroup;
			children = (
				FADD931A2AD528F50036C72C /* AppleMusicSwiftUI */,
				FADD93192AD528F50036C72C /* Products */,
			);
			sourceTree = "<group>";
		};
		FADD93192AD528F50036C72C /* Products */ = {
			isa = PBXGroup;
			children = (
				FADD93182AD528F50036C72C /* AppleMusicSwiftUI.app */,
			);
			name = Products;
			sourceTree = "<group>";
		};
		FADD931A2AD528F50036C72C /* AppleMusicSwiftUI */ = {
			isa = PBXGroup;
			children = (
				FADD93292AD529200036C72C /* App */,
				FADD932A2AD5292D0036C72C /* View */,
				FADD93212AD528F60036C72C /* Preview Content */,
			);
			path = AppleMusicSwiftUI;
			sourceTree = "<group>";
		};
		FADD93212AD528F60036C72C /* Preview Content */ = {
			isa = PBXGroup;
			children = (
				FADD93222AD528F60036C72C /* Preview Assets.xcassets */,
			);
			path = "Preview Content";
			sourceTree = "<group>";
		};
		FADD93292AD529200036C72C /* App */ = {
			isa = PBXGroup;
			children = (
				FADD931B2AD528F50036C72C /* AppleMusicSwiftUIApp.swift */,
			);
			path = App;
			sourceTree = "<group>";
		};
		FADD932A2AD5292D0036C72C /* View */ = {
			isa = PBXGroup;
			children = (
				FAD5DE9D2AFDF03300E2C2A8 /* Items */,
				FADD932C2AD529F80036C72C /* Models */,
				FADD931F2AD528F60036C72C /* Assets.xcassets */,
				FADD932B2AD529ED0036C72C /* Modules */,
			);
			path = View;
			sourceTree = "<group>";
		};
		FADD932B2AD529ED0036C72C /* Modules */ = {
			isa = PBXGroup;
			children = (
				FAD787F42AF76FBD009305D4 /* SearchView */,
				FAF7385A2ADD0699000A82E7 /* RadioView */,
				FADD93392AD674EF0036C72C /* LibraryView */,
				FADD93372AD674B40036C72C /* TabBar */,
			);
			path = Modules;
			sourceTree = "<group>";
		};
		FADD932C2AD529F80036C72C /* Models */ = {
			isa = PBXGroup;
			children = (
				FAD5DE9E2AFDF05B00E2C2A8 /* CategoryModel.swift */,
				FABA50E72B00051F00854061 /* PlayerModel.swift */,
			);
			path = Models;
			sourceTree = "<group>";
		};
		FADD93372AD674B40036C72C /* TabBar */ = {
			isa = PBXGroup;
			children = (
				FADD93382AD674C80036C72C /* BottomMedia */,
				FADD93332AD5A4F80036C72C /* TabBar.swift */,
			);
			path = TabBar;
			sourceTree = "<group>";
		};
		FADD93382AD674C80036C72C /* BottomMedia */ = {
			isa = PBXGroup;
			children = (
				FAC132842AF8F975000ADBBC /* SecondMediaView */,
				FADD93352AD660D60036C72C /* BottomMedia.swift */,
			);
			path = BottomMedia;
			sourceTree = "<group>";
		};
		FADD93392AD674EF0036C72C /* LibraryView */ = {
			isa = PBXGroup;
			children = (
				FAB1937F2AD80DCC00021A18 /* Cell */,
				FADD932D2AD52A5E0036C72C /* LibraryView.swift */,
			);
			path = LibraryView;
			sourceTree = "<group>";
		};
		FAF7385A2ADD0699000A82E7 /* RadioView */ = {
			isa = PBXGroup;
			children = (
				FAF7385D2ADD187F000A82E7 /* RowsRadioView */,
				FAF7385E2ADD18BD000A82E7 /* ColumsRadioView */,
				FAF7385B2ADD0708000A82E7 /* RadioView.swift */,
			);
			path = RadioView;
			sourceTree = "<group>";
		};
		FAF7385D2ADD187F000A82E7 /* RowsRadioView */ = {
			isa = PBXGroup;
			children = (
				FAF7385F2ADD18E7000A82E7 /* RowsRadioView.swift */,
			);
			path = RowsRadioView;
			sourceTree = "<group>";
		};
		FAF7385E2ADD18BD000A82E7 /* ColumsRadioView */ = {
			isa = PBXGroup;
			children = (
				FA0488B92ADF9E5600680273 /* ColumsRadioView.swift */,
			);
			path = ColumsRadioView;
			sourceTree = "<group>";
		};
/* End PBXGroup section */

/* Begin PBXNativeTarget section */
		FADD93172AD528F50036C72C /* AppleMusicSwiftUI */ = {
			isa = PBXNativeTarget;
			buildConfigurationList = FADD93262AD528F60036C72C /* Build configuration list for PBXNativeTarget "AppleMusicSwiftUI" */;
			buildPhases = (
				FADD93142AD528F50036C72C /* Sources */,
				FADD93152AD528F50036C72C /* Frameworks */,
				FADD93162AD528F50036C72C /* Resources */,
			);
			buildRules = (
			);
			dependencies = (
			);
			name = AppleMusicSwiftUI;
			productName = AppleMusicSwiftUI;
			productReference = FADD93182AD528F50036C72C /* AppleMusicSwiftUI.app */;
			productType = "com.apple.product-type.application";
		};
/* End PBXNativeTarget section */

/* Begin PBXProject section */
		FADD93102AD528F50036C72C /* Project object */ = {
			isa = PBXProject;
			attributes = {
				BuildIndependentTargetsInParallel = 1;
				LastSwiftUpdateCheck = 1430;
				LastUpgradeCheck = 1500;
				TargetAttributes = {
					FADD93172AD528F50036C72C = {
						CreatedOnToolsVersion = 14.3.1;
					};
				};
			};
			buildConfigurationList = FADD93132AD528F50036C72C /* Build configuration list for PBXProject "AppleMusicSwiftUI" */;
			compatibilityVersion = "Xcode 14.0";
			developmentRegion = en;
			hasScannedForEncodings = 0;
			knownRegions = (
				en,
				Base,
			);
			mainGroup = FADD930F2AD528F50036C72C;
			productRefGroup = FADD93192AD528F50036C72C /* Products */;
			projectDirPath = "";
			projectRoot = "";
			targets = (
				FADD93172AD528F50036C72C /* AppleMusicSwiftUI */,
			);
		};
/* End PBXProject section */

/* Begin PBXResourcesBuildPhase section */
		FADD93162AD528F50036C72C /* Resources */ = {
			isa = PBXResourcesBuildPhase;
			buildActionMask = 2147483647;
			files = (
				FADD93232AD528F60036C72C /* Preview Assets.xcassets in Resources */,
				FADD93202AD528F60036C72C /* Assets.xcassets in Resources */,
			);
			runOnlyForDeploymentPostprocessing = 0;
		};
/* End PBXResourcesBuildPhase section */

/* Begin PBXSourcesBuildPhase section */
		FADD93142AD528F50036C72C /* Sources */ = {
			isa = PBXSourcesBuildPhase;
			buildActionMask = 2147483647;
			files = (
				FADD93362AD660D60036C72C /* BottomMedia.swift in Sources */,
				FAF7385C2ADD0708000A82E7 /* RadioView.swift in Sources */,
				FADD93402AD7BE370036C72C /* MediaListCell.swift in Sources */,
				FACBBE812B020E3D00F7AD25 /* SearchUIKitViewController.swift in Sources */,
				FAF738602ADD18E7000A82E7 /* RowsRadioView.swift in Sources */,
				FAB37BF42AFCA40900643861 /* RowsTopSecondSearch.swift in Sources */,
				FAD787F62AF76FDB009305D4 /* SearchView.swift in Sources */,
				FABA50E82B00051F00854061 /* PlayerModel.swift in Sources */,
				FAB37BF62AFCA45600643861 /* RowsSecondSearch.swift in Sources */,
				FABA905D2AFC8DE900E2002E /* SearchCategoryItems.swift in Sources */,
				FAB37BF82AFCA49900643861 /* SecondSearchItems.swift in Sources */,
				FADD933E2AD677770036C72C /* MediaListItems.swift in Sources */,
				FAB37BFA2AFCA51E00643861 /* TopSecondSearchItems.swift in Sources */,
				FADD932E2AD52A5E0036C72C /* LibraryView.swift in Sources */,
				FAC8D9132ADE4F8A004FA922 /* RadioItems.swift in Sources */,
				FAD5DE9F2AFDF05B00E2C2A8 /* CategoryModel.swift in Sources */,
				FA0488BC2ADFA53300680273 /* BroadcastRadioItems.swift in Sources */,
				FAC132822AF78A0E000ADBBC /* SecondSearchView.swift in Sources */,
				FA0488BA2ADF9E5600680273 /* ColumsRadioView.swift in Sources */,
				FADD931C2AD528F50036C72C /* AppleMusicSwiftUIApp.swift in Sources */,
				FACBBE892B021FC600F7AD25 /* SearchHeader.swift in Sources */,
				FADD93342AD5A4F80036C72C /* TabBar.swift in Sources */,
				FAC132862AF8F991000ADBBC /* SecondMediaView.swift in Sources */,
				FACBBE862B021D7700F7AD25 /* SearchCell.swift in Sources */,
			);
			runOnlyForDeploymentPostprocessing = 0;
		};
/* End PBXSourcesBuildPhase section */

/* Begin XCBuildConfiguration section */
		FADD93242AD528F60036C72C /* Debug */ = {
			isa = XCBuildConfiguration;
			buildSettings = {
				ALWAYS_SEARCH_USER_PATHS = NO;
				CLANG_ANALYZER_NONNULL = YES;
				CLANG_ANALYZER_NUMBER_OBJECT_CONVERSION = YES_AGGRESSIVE;
				CLANG_CXX_LANGUAGE_STANDARD = "gnu++20";
				CLANG_ENABLE_MODULES = YES;
				CLANG_ENABLE_OBJC_ARC = YES;
				CLANG_ENABLE_OBJC_WEAK = YES;
				CLANG_WARN_BLOCK_CAPTURE_AUTORELEASING = YES;
				CLANG_WARN_BOOL_CONVERSION = YES;
				CLANG_WARN_COMMA = YES;
				CLANG_WARN_CONSTANT_CONVERSION = YES;
				CLANG_WARN_DEPRECATED_OBJC_IMPLEMENTATIONS = YES;
				CLANG_WARN_DIRECT_OBJC_ISA_USAGE = YES_ERROR;
				CLANG_WARN_DOCUMENTATION_COMMENTS = YES;
				CLANG_WARN_EMPTY_BODY = YES;
				CLANG_WARN_ENUM_CONVERSION = YES;
				CLANG_WARN_INFINITE_RECURSION = YES;
				CLANG_WARN_INT_CONVERSION = YES;
				CLANG_WARN_NON_LITERAL_NULL_CONVERSION = YES;
				CLANG_WARN_OBJC_IMPLICIT_RETAIN_SELF = YES;
				CLANG_WARN_OBJC_LITERAL_CONVERSION = YES;
				CLANG_WARN_OBJC_ROOT_CLASS = YES_ERROR;
				CLANG_WARN_QUOTED_INCLUDE_IN_FRAMEWORK_HEADER = YES;
				CLANG_WARN_RANGE_LOOP_ANALYSIS = YES;
				CLANG_WARN_STRICT_PROTOTYPES = YES;
				CLANG_WARN_SUSPICIOUS_MOVE = YES;
				CLANG_WARN_UNGUARDED_AVAILABILITY = YES_AGGRESSIVE;
				CLANG_WARN_UNREACHABLE_CODE = YES;
				CLANG_WARN__DUPLICATE_METHOD_MATCH = YES;
				COPY_PHASE_STRIP = NO;
				DEBUG_INFORMATION_FORMAT = dwarf;
				ENABLE_STRICT_OBJC_MSGSEND = YES;
				ENABLE_TESTABILITY = YES;
				ENABLE_USER_SCRIPT_SANDBOXING = YES;
				GCC_C_LANGUAGE_STANDARD = gnu11;
				GCC_DYNAMIC_NO_PIC = NO;
				GCC_NO_COMMON_BLOCKS = YES;
				GCC_OPTIMIZATION_LEVEL = 0;
				GCC_PREPROCESSOR_DEFINITIONS = (
					"DEBUG=1",
					"$(inherited)",
				);
				GCC_WARN_64_TO_32_BIT_CONVERSION = YES;
				GCC_WARN_ABOUT_RETURN_TYPE = YES_ERROR;
				GCC_WARN_UNDECLARED_SELECTOR = YES;
				GCC_WARN_UNINITIALIZED_AUTOS = YES_AGGRESSIVE;
				GCC_WARN_UNUSED_FUNCTION = YES;
				GCC_WARN_UNUSED_VARIABLE = YES;
				IPHONEOS_DEPLOYMENT_TARGET = 16.4;
				MTL_ENABLE_DEBUG_INFO = INCLUDE_SOURCE;
				MTL_FAST_MATH = YES;
				ONLY_ACTIVE_ARCH = YES;
				SDKROOT = iphoneos;
				SWIFT_ACTIVE_COMPILATION_CONDITIONS = DEBUG;
				SWIFT_OPTIMIZATION_LEVEL = "-Onone";
			};
			name = Debug;
		};
		FADD93252AD528F60036C72C /* Release */ = {
			isa = XCBuildConfiguration;
			buildSettings = {
				ALWAYS_SEARCH_USER_PATHS = NO;
				CLANG_ANALYZER_NONNULL = YES;
				CLANG_ANALYZER_NUMBER_OBJECT_CONVERSION = YES_AGGRESSIVE;
				CLANG_CXX_LANGUAGE_STANDARD = "gnu++20";
				CLANG_ENABLE_MODULES = YES;
				CLANG_ENABLE_OBJC_ARC = YES;
				CLANG_ENABLE_OBJC_WEAK = YES;
				CLANG_WARN_BLOCK_CAPTURE_AUTORELEASING = YES;
				CLANG_WARN_BOOL_CONVERSION = YES;
				CLANG_WARN_COMMA = YES;
				CLANG_WARN_CONSTANT_CONVERSION = YES;
				CLANG_WARN_DEPRECATED_OBJC_IMPLEMENTATIONS = YES;
				CLANG_WARN_DIRECT_OBJC_ISA_USAGE = YES_ERROR;
				CLANG_WARN_DOCUMENTATION_COMMENTS = YES;
				CLANG_WARN_EMPTY_BODY = YES;
				CLANG_WARN_ENUM_CONVERSION = YES;
				CLANG_WARN_INFINITE_RECURSION = YES;
				CLANG_WARN_INT_CONVERSION = YES;
				CLANG_WARN_NON_LITERAL_NULL_CONVERSION = YES;
				CLANG_WARN_OBJC_IMPLICIT_RETAIN_SELF = YES;
				CLANG_WARN_OBJC_LITERAL_CONVERSION = YES;
				CLANG_WARN_OBJC_ROOT_CLASS = YES_ERROR;
				CLANG_WARN_QUOTED_INCLUDE_IN_FRAMEWORK_HEADER = YES;
				CLANG_WARN_RANGE_LOOP_ANALYSIS = YES;
				CLANG_WARN_STRICT_PROTOTYPES = YES;
				CLANG_WARN_SUSPICIOUS_MOVE = YES;
				CLANG_WARN_UNGUARDED_AVAILABILITY = YES_AGGRESSIVE;
				CLANG_WARN_UNREACHABLE_CODE = YES;
				CLANG_WARN__DUPLICATE_METHOD_MATCH = YES;
				COPY_PHASE_STRIP = NO;
				DEBUG_INFORMATION_FORMAT = "dwarf-with-dsym";
				ENABLE_NS_ASSERTIONS = NO;
				ENABLE_STRICT_OBJC_MSGSEND = YES;
				ENABLE_USER_SCRIPT_SANDBOXING = YES;
				GCC_C_LANGUAGE_STANDARD = gnu11;
				GCC_NO_COMMON_BLOCKS = YES;
				GCC_WARN_64_TO_32_BIT_CONVERSION = YES;
				GCC_WARN_ABOUT_RETURN_TYPE = YES_ERROR;
				GCC_WARN_UNDECLARED_SELECTOR = YES;
				GCC_WARN_UNINITIALIZED_AUTOS = YES_AGGRESSIVE;
				GCC_WARN_UNUSED_FUNCTION = YES;
				GCC_WARN_UNUSED_VARIABLE = YES;
				IPHONEOS_DEPLOYMENT_TARGET = 16.4;
				MTL_ENABLE_DEBUG_INFO = NO;
				MTL_FAST_MATH = YES;
				SDKROOT = iphoneos;
				SWIFT_COMPILATION_MODE = wholemodule;
				SWIFT_OPTIMIZATION_LEVEL = "-O";
				VALIDATE_PRODUCT = YES;
			};
			name = Release;
		};
		FADD93272AD528F60036C72C /* Debug */ = {
			isa = XCBuildConfiguration;
			buildSettings = {
				ASSETCATALOG_COMPILER_APPICON_NAME = AppIcon;
				ASSETCATALOG_COMPILER_GLOBAL_ACCENT_COLOR_NAME = AccentColor;
				CODE_SIGN_STYLE = Automatic;
				CURRENT_PROJECT_VERSION = 1;
				DEVELOPMENT_ASSET_PATHS = "\"AppleMusicSwiftUI/Preview Content\"";
				DEVELOPMENT_TEAM = 5C9S7JT7L3;
				ENABLE_PREVIEWS = YES;
				GENERATE_INFOPLIST_FILE = YES;
				INFOPLIST_KEY_UIApplicationSceneManifest_Generation = YES;
				INFOPLIST_KEY_UIApplicationSupportsIndirectInputEvents = YES;
				INFOPLIST_KEY_UILaunchScreen_Generation = YES;
				INFOPLIST_KEY_UISupportedInterfaceOrientations_iPad = "UIInterfaceOrientationPortrait UIInterfaceOrientationPortraitUpsideDown UIInterfaceOrientationLandscapeLeft UIInterfaceOrientationLandscapeRight";
				INFOPLIST_KEY_UISupportedInterfaceOrientations_iPhone = "UIInterfaceOrientationPortrait UIInterfaceOrientationLandscapeLeft UIInterfaceOrientationLandscapeRight";
				LD_RUNPATH_SEARCH_PATHS = (
					"$(inherited)",
					"@executable_path/Frameworks",
				);
				MARKETING_VERSION = 1.0;
				PRODUCT_BUNDLE_IDENTIFIER = i0240.com.my.AppleMusicSwiftUI;
				PRODUCT_NAME = "$(TARGET_NAME)";
				SWIFT_EMIT_LOC_STRINGS = YES;
				SWIFT_VERSION = 5.0;
				TARGETED_DEVICE_FAMILY = "1,2";
			};
			name = Debug;
		};
		FADD93282AD528F60036C72C /* Release */ = {
			isa = XCBuildConfiguration;
			buildSettings = {
				ASSETCATALOG_COMPILER_APPICON_NAME = AppIcon;
				ASSETCATALOG_COMPILER_GLOBAL_ACCENT_COLOR_NAME = AccentColor;
				CODE_SIGN_STYLE = Automatic;
				CURRENT_PROJECT_VERSION = 1;
				DEVELOPMENT_ASSET_PATHS = "\"AppleMusicSwiftUI/Preview Content\"";
				DEVELOPMENT_TEAM = 5C9S7JT7L3;
				ENABLE_PREVIEWS = YES;
				GENERATE_INFOPLIST_FILE = YES;
				INFOPLIST_KEY_UIApplicationSceneManifest_Generation = YES;
				INFOPLIST_KEY_UIApplicationSupportsIndirectInputEvents = YES;
				INFOPLIST_KEY_UILaunchScreen_Generation = YES;
				INFOPLIST_KEY_UISupportedInterfaceOrientations_iPad = "UIInterfaceOrientationPortrait UIInterfaceOrientationPortraitUpsideDown UIInterfaceOrientationLandscapeLeft UIInterfaceOrientationLandscapeRight";
				INFOPLIST_KEY_UISupportedInterfaceOrientations_iPhone = "UIInterfaceOrientationPortrait UIInterfaceOrientationLandscapeLeft UIInterfaceOrientationLandscapeRight";
				LD_RUNPATH_SEARCH_PATHS = (
					"$(inherited)",
					"@executable_path/Frameworks",
				);
				MARKETING_VERSION = 1.0;
				PRODUCT_BUNDLE_IDENTIFIER = i0240.com.my.AppleMusicSwiftUI;
				PRODUCT_NAME = "$(TARGET_NAME)";
				SWIFT_EMIT_LOC_STRINGS = YES;
				SWIFT_VERSION = 5.0;
				TARGETED_DEVICE_FAMILY = "1,2";
			};
			name = Release;
		};
/* End XCBuildConfiguration section */

/* Begin XCConfigurationList section */
		FADD93132AD528F50036C72C /* Build configuration list for PBXProject "AppleMusicSwiftUI" */ = {
			isa = XCConfigurationList;
			buildConfigurations = (
				FADD93242AD528F60036C72C /* Debug */,
				FADD93252AD528F60036C72C /* Release */,
			);
			defaultConfigurationIsVisible = 0;
			defaultConfigurationName = Release;
		};
		FADD93262AD528F60036C72C /* Build configuration list for PBXNativeTarget "AppleMusicSwiftUI" */ = {
			isa = XCConfigurationList;
			buildConfigurations = (
				FADD93272AD528F60036C72C /* Debug */,
				FADD93282AD528F60036C72C /* Release */,
			);
			defaultConfigurationIsVisible = 0;
			defaultConfigurationName = Release;
		};
/* End XCConfigurationList section */
	};
	rootObject = FADD93102AD528F50036C72C /* Project object */;
}
